// !$*UTF8*$!
{
	archiveVersion = 1;
	classes = {
	};
	objectVersion = 56;
	objects = {

/* Begin PBXBuildFile section */
		65346EA3A987DAD663F2DCCF /* Pods_TensorIOTDemo.framework in Frameworks */ = {isa = PBXBuildFile; fileRef = 8CD62FFA7572EDF20BAEB2F2 /* Pods_TensorIOTDemo.framework */; };
		871C68102ACF1DDF008C1B06 /* SignUpVC.swift in Sources */ = {isa = PBXBuildFile; fileRef = 871C680F2ACF1DDF008C1B06 /* SignUpVC.swift */; };
		871C68122ACF1ED9008C1B06 /* AuthenticationViewModel.swift in Sources */ = {isa = PBXBuildFile; fileRef = 871C68112ACF1ED9008C1B06 /* AuthenticationViewModel.swift */; };
		871C68142ACF2022008C1B06 /* GoogleService-Info.plist in Resources */ = {isa = PBXBuildFile; fileRef = 871C68132ACF2022008C1B06 /* GoogleService-Info.plist */; };
		871C68172ACF2BDE008C1B06 /* Utilities.swift in Sources */ = {isa = PBXBuildFile; fileRef = 871C68162ACF2BDE008C1B06 /* Utilities.swift */; };
		879988ED2ACEBACA00D6E46B /* AppDelegate.swift in Sources */ = {isa = PBXBuildFile; fileRef = 879988EC2ACEBACA00D6E46B /* AppDelegate.swift */; };
		879988EF2ACEBACA00D6E46B /* SceneDelegate.swift in Sources */ = {isa = PBXBuildFile; fileRef = 879988EE2ACEBACA00D6E46B /* SceneDelegate.swift */; };
		879988F12ACEBACA00D6E46B /* LogInVC.swift in Sources */ = {isa = PBXBuildFile; fileRef = 879988F02ACEBACA00D6E46B /* LogInVC.swift */; };
		879988F42ACEBACA00D6E46B /* Main.storyboard in Resources */ = {isa = PBXBuildFile; fileRef = 879988F22ACEBACA00D6E46B /* Main.storyboard */; };
		879988F62ACEBACE00D6E46B /* Assets.xcassets in Resources */ = {isa = PBXBuildFile; fileRef = 879988F52ACEBACE00D6E46B /* Assets.xcassets */; };
		879988F92ACEBACE00D6E46B /* LaunchScreen.storyboard in Resources */ = {isa = PBXBuildFile; fileRef = 879988F72ACEBACE00D6E46B /* LaunchScreen.storyboard */; };
		87DF10B12ACFEEAC00EB381B /* ProfileVC.swift in Sources */ = {isa = PBXBuildFile; fileRef = 87DF10B02ACFEEAC00EB381B /* ProfileVC.swift */; };
		87DF10B32ACFEF9A00EB381B /* ProfileViewModel.swift in Sources */ = {isa = PBXBuildFile; fileRef = 87DF10B22ACFEF9A00EB381B /* ProfileViewModel.swift */; };
		87DF10B62ACFF1B900EB381B /* WeatherModel.swift in Sources */ = {isa = PBXBuildFile; fileRef = 87DF10B52ACFF1B900EB381B /* WeatherModel.swift */; };
		87DF10BA2ACFF61500EB381B /* WeatherTableViewCell.swift in Sources */ = {isa = PBXBuildFile; fileRef = 87DF10B92ACFF61500EB381B /* WeatherTableViewCell.swift */; };
/* End PBXBuildFile section */

/* Begin PBXFileReference section */
		653F08FE3E5BAF3564369A96 /* Pods-TensorIOTDemo.debug.xcconfig */ = {isa = PBXFileReference; includeInIndex = 1; lastKnownFileType = text.xcconfig; name = "Pods-TensorIOTDemo.debug.xcconfig"; path = "Target Support Files/Pods-TensorIOTDemo/Pods-TensorIOTDemo.debug.xcconfig"; sourceTree = "<group>"; };
		6A50649570DB5D440594CC42 /* Pods-TensorIOTDemo.release.xcconfig */ = {isa = PBXFileReference; includeInIndex = 1; lastKnownFileType = text.xcconfig; name = "Pods-TensorIOTDemo.release.xcconfig"; path = "Target Support Files/Pods-TensorIOTDemo/Pods-TensorIOTDemo.release.xcconfig"; sourceTree = "<group>"; };
		871C680F2ACF1DDF008C1B06 /* SignUpVC.swift */ = {isa = PBXFileReference; lastKnownFileType = sourcecode.swift; path = SignUpVC.swift; sourceTree = "<group>"; };
		871C68112ACF1ED9008C1B06 /* AuthenticationViewModel.swift */ = {isa = PBXFileReference; lastKnownFileType = sourcecode.swift; path = AuthenticationViewModel.swift; sourceTree = "<group>"; };
		871C68132ACF2022008C1B06 /* GoogleService-Info.plist */ = {isa = PBXFileReference; fileEncoding = 4; lastKnownFileType = text.plist.xml; path = "GoogleService-Info.plist"; sourceTree = "<group>"; };
		871C68162ACF2BDE008C1B06 /* Utilities.swift */ = {isa = PBXFileReference; lastKnownFileType = sourcecode.swift; path = Utilities.swift; sourceTree = "<group>"; };
		879988E92ACEBACA00D6E46B /* TensorIOTDemo.app */ = {isa = PBXFileReference; explicitFileType = wrapper.application; includeInIndex = 0; path = TensorIOTDemo.app; sourceTree = BUILT_PRODUCTS_DIR; };
		879988EC2ACEBACA00D6E46B /* AppDelegate.swift */ = {isa = PBXFileReference; lastKnownFileType = sourcecode.swift; path = AppDelegate.swift; sourceTree = "<group>"; };
		879988EE2ACEBACA00D6E46B /* SceneDelegate.swift */ = {isa = PBXFileReference; lastKnownFileType = sourcecode.swift; path = SceneDelegate.swift; sourceTree = "<group>"; };
		879988F02ACEBACA00D6E46B /* LogInVC.swift */ = {isa = PBXFileReference; lastKnownFileType = sourcecode.swift; path = LogInVC.swift; sourceTree = "<group>"; };
		879988F32ACEBACA00D6E46B /* Base */ = {isa = PBXFileReference; lastKnownFileType = file.storyboard; name = Base; path = Base.lproj/Main.storyboard; sourceTree = "<group>"; };
		879988F52ACEBACE00D6E46B /* Assets.xcassets */ = {isa = PBXFileReference; lastKnownFileType = folder.assetcatalog; path = Assets.xcassets; sourceTree = "<group>"; };
		879988F82ACEBACE00D6E46B /* Base */ = {isa = PBXFileReference; lastKnownFileType = file.storyboard; name = Base; path = Base.lproj/LaunchScreen.storyboard; sourceTree = "<group>"; };
		879988FA2ACEBACE00D6E46B /* Info.plist */ = {isa = PBXFileReference; lastKnownFileType = text.plist.xml; path = Info.plist; sourceTree = "<group>"; };
		87DF10B02ACFEEAC00EB381B /* ProfileVC.swift */ = {isa = PBXFileReference; lastKnownFileType = sourcecode.swift; path = ProfileVC.swift; sourceTree = "<group>"; };
		87DF10B22ACFEF9A00EB381B /* ProfileViewModel.swift */ = {isa = PBXFileReference; lastKnownFileType = sourcecode.swift; path = ProfileViewModel.swift; sourceTree = "<group>"; };
		87DF10B52ACFF1B900EB381B /* WeatherModel.swift */ = {isa = PBXFileReference; fileEncoding = 4; lastKnownFileType = sourcecode.swift; path = WeatherModel.swift; sourceTree = "<group>"; };
		87DF10B92ACFF61500EB381B /* WeatherTableViewCell.swift */ = {isa = PBXFileReference; lastKnownFileType = sourcecode.swift; path = WeatherTableViewCell.swift; sourceTree = "<group>"; };
		8CD62FFA7572EDF20BAEB2F2 /* Pods_TensorIOTDemo.framework */ = {isa = PBXFileReference; explicitFileType = wrapper.framework; includeInIndex = 0; path = Pods_TensorIOTDemo.framework; sourceTree = BUILT_PRODUCTS_DIR; };
/* End PBXFileReference section */

/* Begin PBXFrameworksBuildPhase section */
		879988E62ACEBACA00D6E46B /* Frameworks */ = {
			isa = PBXFrameworksBuildPhase;
			buildActionMask = 2147483647;
			files = (
				65346EA3A987DAD663F2DCCF /* Pods_TensorIOTDemo.framework in Frameworks */,
			);
			runOnlyForDeploymentPostprocessing = 0;
		};
/* End PBXFrameworksBuildPhase section */

/* Begin PBXGroup section */
		5CC2390E169BE3C6F3833EA4 /* Frameworks */ = {
			isa = PBXGroup;
			children = (
				8CD62FFA7572EDF20BAEB2F2 /* Pods_TensorIOTDemo.framework */,
			);
			name = Frameworks;
			sourceTree = "<group>";
		};
		7D48A1042E777FB43ADBE0C8 /* Pods */ = {
			isa = PBXGroup;
			children = (
				653F08FE3E5BAF3564369A96 /* Pods-TensorIOTDemo.debug.xcconfig */,
				6A50649570DB5D440594CC42 /* Pods-TensorIOTDemo.release.xcconfig */,
			);
			path = Pods;
			sourceTree = "<group>";
		};
		871C680C2ACF193C008C1B06 /* ViewControllers */ = {
			isa = PBXGroup;
			children = (
				879988F02ACEBACA00D6E46B /* LogInVC.swift */,
				871C680F2ACF1DDF008C1B06 /* SignUpVC.swift */,
				87DF10B02ACFEEAC00EB381B /* ProfileVC.swift */,
			);
			path = ViewControllers;
			sourceTree = "<group>";
		};
		871C680D2ACF19DC008C1B06 /* StoryBoards */ = {
			isa = PBXGroup;
			children = (
				879988F72ACEBACE00D6E46B /* LaunchScreen.storyboard */,
				879988F22ACEBACA00D6E46B /* Main.storyboard */,
			);
			path = StoryBoards;
			sourceTree = "<group>";
		};
		871C680E2ACF1A0D008C1B06 /* ViewModels */ = {
			isa = PBXGroup;
			children = (
				871C68112ACF1ED9008C1B06 /* AuthenticationViewModel.swift */,
				87DF10B22ACFEF9A00EB381B /* ProfileViewModel.swift */,
			);
			path = ViewModels;
			sourceTree = "<group>";
		};
		871C68152ACF2848008C1B06 /* Utilities */ = {
			isa = PBXGroup;
			children = (
				871C68162ACF2BDE008C1B06 /* Utilities.swift */,
			);
			name = Utilities;
			sourceTree = "<group>";
		};
		879988E02ACEBAC900D6E46B = {
			isa = PBXGroup;
			children = (
				879988EB2ACEBACA00D6E46B /* TensorIOTDemo */,
				879988EA2ACEBACA00D6E46B /* Products */,
				7D48A1042E777FB43ADBE0C8 /* Pods */,
				5CC2390E169BE3C6F3833EA4 /* Frameworks */,
			);
			sourceTree = "<group>";
		};
		879988EA2ACEBACA00D6E46B /* Products */ = {
			isa = PBXGroup;
			children = (
				879988E92ACEBACA00D6E46B /* TensorIOTDemo.app */,
			);
			name = Products;
			sourceTree = "<group>";
		};
		879988EB2ACEBACA00D6E46B /* TensorIOTDemo */ = {
			isa = PBXGroup;
			children = (
				879988EC2ACEBACA00D6E46B /* AppDelegate.swift */,
				879988EE2ACEBACA00D6E46B /* SceneDelegate.swift */,
				87DF10B82ACFF5F900EB381B /* TableViewCells */,
				871C68152ACF2848008C1B06 /* Utilities */,
				87DF10B42ACFEFB700EB381B /* Models */,
				871C680E2ACF1A0D008C1B06 /* ViewModels */,
				871C680C2ACF193C008C1B06 /* ViewControllers */,
				871C680D2ACF19DC008C1B06 /* StoryBoards */,
				879988F52ACEBACE00D6E46B /* Assets.xcassets */,
				879988FA2ACEBACE00D6E46B /* Info.plist */,
				871C68132ACF2022008C1B06 /* GoogleService-Info.plist */,
			);
			path = TensorIOTDemo;
			sourceTree = "<group>";
		};
		87DF10B42ACFEFB700EB381B /* Models */ = {
			isa = PBXGroup;
			children = (
				87DF10B52ACFF1B900EB381B /* WeatherModel.swift */,
			);
			path = Models;
			sourceTree = "<group>";
		};
		87DF10B82ACFF5F900EB381B /* TableViewCells */ = {
			isa = PBXGroup;
			children = (
				87DF10B92ACFF61500EB381B /* WeatherTableViewCell.swift */,
			);
			path = TableViewCells;
			sourceTree = "<group>";
		};
/* End PBXGroup section */

/* Begin PBXNativeTarget section */
		879988E82ACEBACA00D6E46B /* TensorIOTDemo */ = {
			isa = PBXNativeTarget;
			buildConfigurationList = 879988FD2ACEBACE00D6E46B /* Build configuration list for PBXNativeTarget "TensorIOTDemo" */;
			buildPhases = (
				851E4AE371F0C30E0B2B8357 /* [CP] Check Pods Manifest.lock */,
				879988E52ACEBACA00D6E46B /* Sources */,
				879988E62ACEBACA00D6E46B /* Frameworks */,
				879988E72ACEBACA00D6E46B /* Resources */,
				E91B2F1BB868C16E5E113FD4 /* [CP] Embed Pods Frameworks */,
			);
			buildRules = (
			);
			dependencies = (
			);
			name = TensorIOTDemo;
			productName = TensorIOTDemo;
			productReference = 879988E92ACEBACA00D6E46B /* TensorIOTDemo.app */;
			productType = "com.apple.product-type.application";
		};
/* End PBXNativeTarget section */

/* Begin PBXProject section */
		879988E12ACEBAC900D6E46B /* Project object */ = {
			isa = PBXProject;
			attributes = {
				BuildIndependentTargetsInParallel = 1;
				LastSwiftUpdateCheck = 1420;
				LastUpgradeCheck = 1420;
				TargetAttributes = {
					879988E82ACEBACA00D6E46B = {
						CreatedOnToolsVersion = 14.2;
					};
				};
			};
			buildConfigurationList = 879988E42ACEBAC900D6E46B /* Build configuration list for PBXProject "TensorIOTDemo" */;
			compatibilityVersion = "Xcode 14.0";
			developmentRegion = en;
			hasScannedForEncodings = 0;
			knownRegions = (
				en,
				Base,
			);
			mainGroup = 879988E02ACEBAC900D6E46B;
			productRefGroup = 879988EA2ACEBACA00D6E46B /* Products */;
			projectDirPath = "";
			projectRoot = "";
			targets = (
				879988E82ACEBACA00D6E46B /* TensorIOTDemo */,
			);
		};
/* End PBXProject section */

/* Begin PBXResourcesBuildPhase section */
		879988E72ACEBACA00D6E46B /* Resources */ = {
			isa = PBXResourcesBuildPhase;
			buildActionMask = 2147483647;
			files = (
				879988F92ACEBACE00D6E46B /* LaunchScreen.storyboard in Resources */,
				871C68142ACF2022008C1B06 /* GoogleService-Info.plist in Resources */,
				879988F62ACEBACE00D6E46B /* Assets.xcassets in Resources */,
				879988F42ACEBACA00D6E46B /* Main.storyboard in Resources */,
			);
			runOnlyForDeploymentPostprocessing = 0;
		};
/* End PBXResourcesBuildPhase section */

/* Begin PBXShellScriptBuildPhase section */
		851E4AE371F0C30E0B2B8357 /* [CP] Check Pods Manifest.lock */ = {
			isa = PBXShellScriptBuildPhase;
			buildActionMask = 2147483647;
			files = (
			);
			inputFileListPaths = (
			);
			inputPaths = (
				"${PODS_PODFILE_DIR_PATH}/Podfile.lock",
				"${PODS_ROOT}/Manifest.lock",
			);
			name = "[CP] Check Pods Manifest.lock";
			outputFileListPaths = (
			);
			outputPaths = (
				"$(DERIVED_FILE_DIR)/Pods-TensorIOTDemo-checkManifestLockResult.txt",
			);
			runOnlyForDeploymentPostprocessing = 0;
			shellPath = /bin/sh;
			shellScript = "diff \"${PODS_PODFILE_DIR_PATH}/Podfile.lock\" \"${PODS_ROOT}/Manifest.lock\" > /dev/null\nif [ $? != 0 ] ; then\n    # print error to STDERR\n    echo \"error: The sandbox is not in sync with the Podfile.lock. Run 'pod install' or update your CocoaPods installation.\" >&2\n    exit 1\nfi\n# This output is used by Xcode 'outputs' to avoid re-running this script phase.\necho \"SUCCESS\" > \"${SCRIPT_OUTPUT_FILE_0}\"\n";
			showEnvVarsInLog = 0;
		};
		E91B2F1BB868C16E5E113FD4 /* [CP] Embed Pods Frameworks */ = {
			isa = PBXShellScriptBuildPhase;
			buildActionMask = 2147483647;
			files = (
			);
			inputFileListPaths = (
				"${PODS_ROOT}/Target Support Files/Pods-TensorIOTDemo/Pods-TensorIOTDemo-frameworks-${CONFIGURATION}-input-files.xcfilelist",
			);
			name = "[CP] Embed Pods Frameworks";
			outputFileListPaths = (
				"${PODS_ROOT}/Target Support Files/Pods-TensorIOTDemo/Pods-TensorIOTDemo-frameworks-${CONFIGURATION}-output-files.xcfilelist",
			);
			runOnlyForDeploymentPostprocessing = 0;
			shellPath = /bin/sh;
			shellScript = "\"${PODS_ROOT}/Target Support Files/Pods-TensorIOTDemo/Pods-TensorIOTDemo-frameworks.sh\"\n";
			showEnvVarsInLog = 0;
		};
/* End PBXShellScriptBuildPhase section */

/* Begin PBXSourcesBuildPhase section */
		879988E52ACEBACA00D6E46B /* Sources */ = {
			isa = PBXSourcesBuildPhase;
			buildActionMask = 2147483647;
			files = (
				87DF10BA2ACFF61500EB381B /* WeatherTableViewCell.swift in Sources */,
				871C68172ACF2BDE008C1B06 /* Utilities.swift in Sources */,
				871C68102ACF1DDF008C1B06 /* SignUpVC.swift in Sources */,
				87DF10B12ACFEEAC00EB381B /* ProfileVC.swift in Sources */,
				871C68122ACF1ED9008C1B06 /* AuthenticationViewModel.swift in Sources */,
				87DF10B62ACFF1B900EB381B /* WeatherModel.swift in Sources */,
				879988F12ACEBACA00D6E46B /* LogInVC.swift in Sources */,
				879988ED2ACEBACA00D6E46B /* AppDelegate.swift in Sources */,
				87DF10B32ACFEF9A00EB381B /* ProfileViewModel.swift in Sources */,
				879988EF2ACEBACA00D6E46B /* SceneDelegate.swift in Sources */,
			);
			runOnlyForDeploymentPostprocessing = 0;
		};
/* End PBXSourcesBuildPhase section */

/* Begin PBXVariantGroup section */
		879988F22ACEBACA00D6E46B /* Main.storyboard */ = {
			isa = PBXVariantGroup;
			children = (
				879988F32ACEBACA00D6E46B /* Base */,
			);
			name = Main.storyboard;
			sourceTree = "<group>";
		};
		879988F72ACEBACE00D6E46B /* LaunchScreen.storyboard */ = {
			isa = PBXVariantGroup;
			children = (
				879988F82ACEBACE00D6E46B /* Base */,
			);
			name = LaunchScreen.storyboard;
			sourceTree = "<group>";
		};
/* End PBXVariantGroup section */

/* Begin XCBuildConfiguration section */
		879988FB2ACEBACE00D6E46B /* Debug */ = {
			isa = XCBuildConfiguration;
			buildSettings = {
				ALWAYS_SEARCH_USER_PATHS = NO;
				CLANG_ANALYZER_NONNULL = YES;
				CLANG_ANALYZER_NUMBER_OBJECT_CONVERSION = YES_AGGRESSIVE;
				CLANG_CXX_LANGUAGE_STANDARD = "gnu++20";
				CLANG_ENABLE_MODULES = YES;
				CLANG_ENABLE_OBJC_ARC = YES;
				CLANG_ENABLE_OBJC_WEAK = YES;
				CLANG_WARN_BLOCK_CAPTURE_AUTORELEASING = YES;
				CLANG_WARN_BOOL_CONVERSION = YES;
				CLANG_WARN_COMMA = YES;
				CLANG_WARN_CONSTANT_CONVERSION = YES;
				CLANG_WARN_DEPRECATED_OBJC_IMPLEMENTATIONS = YES;
				CLANG_WARN_DIRECT_OBJC_ISA_USAGE = YES_ERROR;
				CLANG_WARN_DOCUMENTATION_COMMENTS = YES;
				CLANG_WARN_EMPTY_BODY = YES;
				CLANG_WARN_ENUM_CONVERSION = YES;
				CLANG_WARN_INFINITE_RECURSION = YES;
				CLANG_WARN_INT_CONVERSION = YES;
				CLANG_WARN_NON_LITERAL_NULL_CONVERSION = YES;
				CLANG_WARN_OBJC_IMPLICIT_RETAIN_SELF = YES;
				CLANG_WARN_OBJC_LITERAL_CONVERSION = YES;
				CLANG_WARN_OBJC_ROOT_CLASS = YES_ERROR;
				CLANG_WARN_QUOTED_INCLUDE_IN_FRAMEWORK_HEADER = YES;
				CLANG_WARN_RANGE_LOOP_ANALYSIS = YES;
				CLANG_WARN_STRICT_PROTOTYPES = YES;
				CLANG_WARN_SUSPICIOUS_MOVE = YES;
				CLANG_WARN_UNGUARDED_AVAILABILITY = YES_AGGRESSIVE;
				CLANG_WARN_UNREACHABLE_CODE = YES;
				CLANG_WARN__DUPLICATE_METHOD_MATCH = YES;
				COPY_PHASE_STRIP = NO;
				DEBUG_INFORMATION_FORMAT = dwarf;
				ENABLE_STRICT_OBJC_MSGSEND = YES;
				ENABLE_TESTABILITY = YES;
				GCC_C_LANGUAGE_STANDARD = gnu11;
				GCC_DYNAMIC_NO_PIC = NO;
				GCC_NO_COMMON_BLOCKS = YES;
				GCC_OPTIMIZATION_LEVEL = 0;
				GCC_PREPROCESSOR_DEFINITIONS = (
					"DEBUG=1",
					"$(inherited)",
				);
				GCC_WARN_64_TO_32_BIT_CONVERSION = YES;
				GCC_WARN_ABOUT_RETURN_TYPE = YES_ERROR;
				GCC_WARN_UNDECLARED_SELECTOR = YES;
				GCC_WARN_UNINITIALIZED_AUTOS = YES_AGGRESSIVE;
				GCC_WARN_UNUSED_FUNCTION = YES;
				GCC_WARN_UNUSED_VARIABLE = YES;
				IPHONEOS_DEPLOYMENT_TARGET = 16.2;
				MTL_ENABLE_DEBUG_INFO = INCLUDE_SOURCE;
				MTL_FAST_MATH = YES;
				ONLY_ACTIVE_ARCH = YES;
				SDKROOT = iphoneos;
				SWIFT_ACTIVE_COMPILATION_CONDITIONS = DEBUG;
				SWIFT_OPTIMIZATION_LEVEL = "-Onone";
			};
			name = Debug;
		};
		879988FC2ACEBACE00D6E46B /* Release */ = {
			isa = XCBuildConfiguration;
			buildSettings = {
				ALWAYS_SEARCH_USER_PATHS = NO;
				CLANG_ANALYZER_NONNULL = YES;
				CLANG_ANALYZER_NUMBER_OBJECT_CONVERSION = YES_AGGRESSIVE;
				CLANG_CXX_LANGUAGE_STANDARD = "gnu++20";
				CLANG_ENABLE_MODULES = YES;
				CLANG_ENABLE_OBJC_ARC = YES;
				CLANG_ENABLE_OBJC_WEAK = YES;
				CLANG_WARN_BLOCK_CAPTURE_AUTORELEASING = YES;
				CLANG_WARN_BOOL_CONVERSION = YES;
				CLANG_WARN_COMMA = YES;
				CLANG_WARN_CONSTANT_CONVERSION = YES;
				CLANG_WARN_DEPRECATED_OBJC_IMPLEMENTATIONS = YES;
				CLANG_WARN_DIRECT_OBJC_ISA_USAGE = YES_ERROR;
				CLANG_WARN_DOCUMENTATION_COMMENTS = YES;
				CLANG_WARN_EMPTY_BODY = YES;
				CLANG_WARN_ENUM_CONVERSION = YES;
				CLANG_WARN_INFINITE_RECURSION = YES;
				CLANG_WARN_INT_CONVERSION = YES;
				CLANG_WARN_NON_LITERAL_NULL_CONVERSION = YES;
				CLANG_WARN_OBJC_IMPLICIT_RETAIN_SELF = YES;
				CLANG_WARN_OBJC_LITERAL_CONVERSION = YES;
				CLANG_WARN_OBJC_ROOT_CLASS = YES_ERROR;
				CLANG_WARN_QUOTED_INCLUDE_IN_FRAMEWORK_HEADER = YES;
				CLANG_WARN_RANGE_LOOP_ANALYSIS = YES;
				CLANG_WARN_STRICT_PROTOTYPES = YES;
				CLANG_WARN_SUSPICIOUS_MOVE = YES;
				CLANG_WARN_UNGUARDED_AVAILABILITY = YES_AGGRESSIVE;
				CLANG_WARN_UNREACHABLE_CODE = YES;
				CLANG_WARN__DUPLICATE_METHOD_MATCH = YES;
				COPY_PHASE_STRIP = NO;
				DEBUG_INFORMATION_FORMAT = "dwarf-with-dsym";
				ENABLE_NS_ASSERTIONS = NO;
				ENABLE_STRICT_OBJC_MSGSEND = YES;
				GCC_C_LANGUAGE_STANDARD = gnu11;
				GCC_NO_COMMON_BLOCKS = YES;
				GCC_WARN_64_TO_32_BIT_CONVERSION = YES;
				GCC_WARN_ABOUT_RETURN_TYPE = YES_ERROR;
				GCC_WARN_UNDECLARED_SELECTOR = YES;
				GCC_WARN_UNINITIALIZED_AUTOS = YES_AGGRESSIVE;
				GCC_WARN_UNUSED_FUNCTION = YES;
				GCC_WARN_UNUSED_VARIABLE = YES;
				IPHONEOS_DEPLOYMENT_TARGET = 16.2;
				MTL_ENABLE_DEBUG_INFO = NO;
				MTL_FAST_MATH = YES;
				SDKROOT = iphoneos;
				SWIFT_COMPILATION_MODE = wholemodule;
				SWIFT_OPTIMIZATION_LEVEL = "-O";
				VALIDATE_PRODUCT = YES;
			};
			name = Release;
		};
		879988FE2ACEBACE00D6E46B /* Debug */ = {
			isa = XCBuildConfiguration;
			baseConfigurationReference = 653F08FE3E5BAF3564369A96 /* Pods-TensorIOTDemo.debug.xcconfig */;
			buildSettings = {
				ASSETCATALOG_COMPILER_APPICON_NAME = AppIcon;
				ASSETCATALOG_COMPILER_GLOBAL_ACCENT_COLOR_NAME = AccentColor;
				CODE_SIGN_STYLE = Automatic;
				CURRENT_PROJECT_VERSION = 1;
				DEVELOPMENT_TEAM = 47KQA92QLL;
				GENERATE_INFOPLIST_FILE = YES;
				INFOPLIST_FILE = TensorIOTDemo/Info.plist;
				INFOPLIST_KEY_UIApplicationSupportsIndirectInputEvents = YES;
				INFOPLIST_KEY_UILaunchStoryboardName = LaunchScreen;
				INFOPLIST_KEY_UIMainStoryboardFile = Main;
				INFOPLIST_KEY_UISupportedInterfaceOrientations_iPad = "UIInterfaceOrientationPortrait UIInterfaceOrientationPortraitUpsideDown UIInterfaceOrientationLandscapeLeft UIInterfaceOrientationLandscapeRight";
				INFOPLIST_KEY_UISupportedInterfaceOrientations_iPhone = "UIInterfaceOrientationPortrait UIInterfaceOrientationLandscapeLeft UIInterfaceOrientationLandscapeRight";
				LD_RUNPATH_SEARCH_PATHS = (
					"$(inherited)",
					"@executable_path/Frameworks",
				);
				MARKETING_VERSION = 1.0;
				PRODUCT_BUNDLE_IDENTIFIER = com.akash.demo;
				PRODUCT_NAME = "$(TARGET_NAME)";
				SWIFT_EMIT_LOC_STRINGS = YES;
				SWIFT_VERSION = 5.0;
				TARGETED_DEVICE_FAMILY = "1,2";
			};
			name = Debug;
		};
		879988FF2ACEBACE00D6E46B /* Release */ = {
			isa = XCBuildConfiguration;
			baseConfigurationReference = 6A50649570DB5D440594CC42 /* Pods-TensorIOTDemo.release.xcconfig */;
			buildSettings = {
				ASSETCATALOG_COMPILER_APPICON_NAME = AppIcon;
				ASSETCATALOG_COMPILER_GLOBAL_ACCENT_COLOR_NAME = AccentColor;
				CODE_SIGN_STYLE = Automatic;
				CURRENT_PROJECT_VERSION = 1;
				DEVELOPMENT_TEAM = 47KQA92QLL;
				GENERATE_INFOPLIST_FILE = YES;
				INFOPLIST_FILE = TensorIOTDemo/Info.plist;
				INFOPLIST_KEY_UIApplicationSupportsIndirectInputEvents = YES;
				INFOPLIST_KEY_UILaunchStoryboardName = LaunchScreen;
				INFOPLIST_KEY_UIMainStoryboardFile = Main;
				INFOPLIST_KEY_UISupportedInterfaceOrientations_iPad = "UIInterfaceOrientationPortrait UIInterfaceOrientationPortraitUpsideDown UIInterfaceOrientationLandscapeLeft UIInterfaceOrientationLandscapeRight";
				INFOPLIST_KEY_UISupportedInterfaceOrientations_iPhone = "UIInterfaceOrientationPortrait UIInterfaceOrientationLandscapeLeft UIInterfaceOrientationLandscapeRight";
				LD_RUNPATH_SEARCH_PATHS = (
					"$(inherited)",
					"@executable_path/Frameworks",
				);
				MARKETING_VERSION = 1.0;
				PRODUCT_BUNDLE_IDENTIFIER = com.akash.demo;
				PRODUCT_NAME = "$(TARGET_NAME)";
				SWIFT_EMIT_LOC_STRINGS = YES;
				SWIFT_VERSION = 5.0;
				TARGETED_DEVICE_FAMILY = "1,2";
			};
			name = Release;
		};
/* End XCBuildConfiguration section */

/* Begin XCConfigurationList section */
		879988E42ACEBAC900D6E46B /* Build configuration list for PBXProject "TensorIOTDemo" */ = {
			isa = XCConfigurationList;
			buildConfigurations = (
				879988FB2ACEBACE00D6E46B /* Debug */,
				879988FC2ACEBACE00D6E46B /* Release */,
			);
			defaultConfigurationIsVisible = 0;
			defaultConfigurationName = Release;
		};
		879988FD2ACEBACE00D6E46B /* Build configuration list for PBXNativeTarget "TensorIOTDemo" */ = {
			isa = XCConfigurationList;
			buildConfigurations = (
				879988FE2ACEBACE00D6E46B /* Debug */,
				879988FF2ACEBACE00D6E46B /* Release */,
			);
			defaultConfigurationIsVisible = 0;
			defaultConfigurationName = Release;
		};
/* End XCConfigurationList section */
	};
	rootObject = 879988E12ACEBAC900D6E46B /* Project object */;
}
